
Microsoft Visual Studio Solution File, Format Version 12.00
# Visual Studio Version 17
VisualStudioVersion = 17.11.35327.3
MinimumVisualStudioVersion = 10.0.40219.1
Project("{FAE04EC0-301F-11D3-BF4B-00C04F79EFBC}") = "LAPTOP", "LAPTOP\LAPTOP.csproj", "{5713E3FC-100C-48D1-9E51-CC375810F785}"
EndProject
Global
	GlobalSection(SolutionConfigurationPlatforms) = preSolution
		Debug|Any CPU = Debug|Any CPU
		Release|Any CPU = Release|Any CPU
	EndGlobalSection
	GlobalSection(ProjectConfigurationPlatforms) = postSolution
		{5713E3FC-100C-48D1-9E51-CC375810F785}.Debug|Any CPU.ActiveCfg = Debug|Any CPU
		{5713E3FC-100C-48D1-9E51-CC375810F785}.Debug|Any CPU.Build.0 = Debug|Any CPU
		{5713E3FC-100C-48D1-9E51-CC375810F785}.Release|Any CPU.ActiveCfg = Release|Any CPU
		{5713E3FC-100C-48D1-9E51-CC375810F785}.Release|Any CPU.Build.0 = Release|Any CPU
	EndGlobalSection
	GlobalSection(SolutionProperties) = preSolution
		HideSolutionNode = FALSE
	EndGlobalSection
	GlobalSection(ExtensibilityGlobals) = postSolution
		SolutionGuid = {E3C3DD6A-7064-47B5-8CE1-8693A57507B3}
	EndGlobalSection
EndGlobal
